# THIS IS AN AUTOGENERATED FILE. DO NOT EDIT THIS FILE DIRECTLY.
# yarn lockfile v1


"@expo/ngrok-bin-darwin-arm64@2.3.40":
  version "2.3.40"
  resolved "https://registry.yarnpkg.com/@expo/ngrok-bin-darwin-arm64/-/ngrok-bin-darwin-arm64-2.3.40.tgz#f9306e15339dfe57a4bce07b4b0fb1a22d9bd35e"
  integrity sha512-Zij81v/bIsVBvgXgYS71xbi/3lqKfVEfr7rId8BsHO3Ec1nQcp/I+729W3KX9PUHzWlXCLxOKZ3uF4jL/TcNbg==

"@expo/ngrok-bin-darwin-x64@2.3.40":
  version "2.3.40"
  resolved "https://registry.yarnpkg.com/@expo/ngrok-bin-darwin-x64/-/ngrok-bin-darwin-x64-2.3.40.tgz#86d64ad118d3e07b348636d3407dcf58ea746025"
  integrity sha512-nqGLfxIjZBoT79VDk5mqaHQKCWkunSi486zGLeB8Ye8Qar1yo4STFwks+DqTbnGD5ItArQz2LzKRVE4YXuJFuw==

"@expo/ngrok-bin-freebsd-ia32@2.3.40":
  version "2.3.40"
  resolved "https://registry.yarnpkg.com/@expo/ngrok-bin-freebsd-ia32/-/ngrok-bin-freebsd-ia32-2.3.40.tgz#86720a356658faea149489831a9d4952611d3f12"
  integrity sha512-Ji3jZaOuIZO+ege23kZZAAEPUYkF+6mCpghb16b28Is1QHOSl2L4foDnAcWyzSEiBihMicxWltaQyaaxA0fdgw==

"@expo/ngrok-bin-freebsd-x64@2.3.40":
  version "2.3.40"
  resolved "https://registry.yarnpkg.com/@expo/ngrok-bin-freebsd-x64/-/ngrok-bin-freebsd-x64-2.3.40.tgz#16b6f456bb561c984711ce34b592b66f373a077e"
  integrity sha512-mVnzKGQmOyXimZx6udoiyo3ZTYLZnPShlTySaDP0tqQ0vYz4ZscgvaYpMmDSPrsP/YG2owmKgzmOE2V+ycD8qA==

"@expo/ngrok-bin-linux-arm64@2.3.40":
  version "2.3.40"
  resolved "https://registry.yarnpkg.com/@expo/ngrok-bin-linux-arm64/-/ngrok-bin-linux-arm64-2.3.40.tgz#97d8404bf35c47f03a96635616c7b423db848478"
  integrity sha512-S6kbnRqsVXHo/bWNxc0jfq33aQQRsGWjb6e7SvZ2DgXsPFLn27cfK0eHD96uCssARDVhzPsc+VU/B3d8C1DT5A==

"@expo/ngrok-bin-linux-arm@2.3.40":
  version "2.3.40"
  resolved "https://registry.yarnpkg.com/@expo/ngrok-bin-linux-arm/-/ngrok-bin-linux-arm-2.3.40.tgz#a8342eb76c0d47dc208abec4c0cb548c2ac01fda"
  integrity sha512-Je1QBd7x0hbZa4T3gZbVgD0cSzstpJ7Mu0+dM2lOB+vm3bd603yHtD0RlLdqARJFhPTE1M2zLd68gCEeZ5fRgQ==

"@expo/ngrok-bin-linux-ia32@2.3.40":
  version "2.3.40"
  resolved "https://registry.yarnpkg.com/@expo/ngrok-bin-linux-ia32/-/ngrok-bin-linux-ia32-2.3.40.tgz#dad55f4fd5f223b1439fba4aa66d057b04349515"
  integrity sha512-gPY5zv5Fu+TkCm5iZolXQbu7e5hc7fTllIKn/zJQxxZs/WCvSxyB5ip6vQcHiavu/kjr0HtNciPX/guXvWENkg==

"@expo/ngrok-bin-linux-x64@2.3.40":
  version "2.3.40"
  resolved "https://registry.yarnpkg.com/@expo/ngrok-bin-linux-x64/-/ngrok-bin-linux-x64-2.3.40.tgz#0038534284cf6db3e23e6cf412c855f04bd0f746"
  integrity sha512-yOuwpOmMe6RGnk9ninlM7Zg1EiF81ptFOcFmT61PDOA4gK8/ttZKTMkDQiq0DZdcXUyE0HCr83EglJZTnHIzPA==

"@expo/ngrok-bin-sunos-x64@2.3.40":
  version "2.3.40"
  resolved "https://registry.yarnpkg.com/@expo/ngrok-bin-sunos-x64/-/ngrok-bin-sunos-x64-2.3.40.tgz#ffe19fa2142a7c3a87386903184638fcf6ad1651"
  integrity sha512-0itEIQ7KsxRbF9nJk6tt0Ey+9TDC5H7krOsy3t7DPx01EvtaiEdMyhmE1XWjBtwr8+BaY9CpEhUWkx4iCcE4cw==

"@expo/ngrok-bin-win32-ia32@2.3.40":
  version "2.3.40"
  resolved "https://registry.yarnpkg.com/@expo/ngrok-bin-win32-ia32/-/ngrok-bin-win32-ia32-2.3.40.tgz#d8f4e6123b160627a9b7662be183c89212fa366b"
  integrity sha512-RAunwOAskfU0R5mYlxxB+bihLJ4nLRx5/x+q5nIq1muYmaqLvGtkQQHZKzgHJANJ7ZIbzfJY57IN2UICpibgIQ==

"@expo/ngrok-bin-win32-x64@2.3.40":
  version "2.3.40"
  resolved "https://registry.yarnpkg.com/@expo/ngrok-bin-win32-x64/-/ngrok-bin-win32-x64-2.3.40.tgz#d497c9cb5a235f5bc04d6b9df4474e2000cc0a61"
  integrity sha512-a8xtUxX/Ftp2ho+/+VR5GCg0ttP9MNzYj58TVjfiKMkl4mVrbFVIzEinRzmy7PhiOWxqGQSCOdzEfa6C2G4nEA==

"@expo/ngrok-bin@2.3.40":
  version "2.3.40"
  resolved "https://registry.yarnpkg.com/@expo/ngrok-bin/-/ngrok-bin-2.3.40.tgz#bfdbd4a32fd71275d5153f859cb4594eec665de7"
  integrity sha512-40GK1CY1QLPDHSQS7Fd36CJeZgMwtbeezkgp4tzfExVRVtWw30jOBCsM7TBB9IqEmmX7C/XwG47scMQHCnMw8A==
  optionalDependencies:
    "@expo/ngrok-bin-darwin-arm64" "2.3.40"
    "@expo/ngrok-bin-darwin-x64" "2.3.40"
    "@expo/ngrok-bin-freebsd-ia32" "2.3.40"
    "@expo/ngrok-bin-freebsd-x64" "2.3.40"
    "@expo/ngrok-bin-linux-arm" "2.3.40"
    "@expo/ngrok-bin-linux-arm64" "2.3.40"
    "@expo/ngrok-bin-linux-ia32" "2.3.40"
    "@expo/ngrok-bin-linux-x64" "2.3.40"
    "@expo/ngrok-bin-sunos-x64" "2.3.40"
    "@expo/ngrok-bin-win32-ia32" "2.3.40"
    "@expo/ngrok-bin-win32-x64" "2.3.40"

"@expo/ngrok@^4.1.0":
  version "4.1.0"
  resolved "https://registry.yarnpkg.com/@expo/ngrok/-/ngrok-4.1.0.tgz#d013ecc694c69132ba72d56562c42f7dc22bd517"
  integrity sha512-PrtWxBt/SnOF1jZkf7oWznhEPFrmYKKeJPLVRKnEBd/y4eUYfoiNIXOzflIzhdrMubjWVI+pFuPJ6nkjVL95/Q==
  dependencies:
    "@expo/ngrok-bin" "2.3.40"
    got "^11.5.1"
    uuid "^3.3.2"
    yaml "^1.10.0"

"@sindresorhus/is@^4.0.0":
  version "4.6.0"
  resolved "https://registry.yarnpkg.com/@sindresorhus/is/-/is-4.6.0.tgz#3c7c9c46e678feefe7a2e5bb609d3dbd665ffb3f"
  integrity sha512-t09vSN3MdfsyCHoFcTRCH/iUtG7OJ0CsjzB8cjAmKc/va/kIgeDI/TxsigdncE/4be734m0cvIYwNaV4i2XqAw==

"@szmarczak/http-timer@^4.0.5":
  version "4.0.6"
  resolved "https://registry.yarnpkg.com/@szmarczak/http-timer/-/http-timer-4.0.6.tgz#b4a914bb62e7c272d4e5989fe4440f812ab1d807"
  integrity sha512-4BAffykYOgO+5nzBWYwE3W90sBgLJoUPRWWcL8wlyiM8IB8ipJz3UMJ9KXQd1RKQXpKp8Tutn80HZtWsu2u76w==
  dependencies:
    defer-to-connect "^2.0.0"

"@types/cacheable-request@^6.0.1":
  version "6.0.2"
  resolved "https://registry.yarnpkg.com/@types/cacheable-request/-/cacheable-request-6.0.2.tgz#c324da0197de0a98a2312156536ae262429ff6b9"
  integrity sha512-B3xVo+dlKM6nnKTcmm5ZtY/OL8bOAOd2Olee9M1zft65ox50OzjEHW91sDiU9j6cvW8Ejg1/Qkf4xd2kugApUA==
  dependencies:
    "@types/http-cache-semantics" "*"
    "@types/keyv" "*"
    "@types/node" "*"
    "@types/responselike" "*"

"@types/http-cache-semantics@*":
  version "4.0.1"
  resolved "https://registry.yarnpkg.com/@types/http-cache-semantics/-/http-cache-semantics-4.0.1.tgz#0ea7b61496902b95890dc4c3a116b60cb8dae812"
  integrity sha512-SZs7ekbP8CN0txVG2xVRH6EgKmEm31BOxA07vkFaETzZz1xh+cbt8BcI0slpymvwhx5dlFnQG2rTlPVQn+iRPQ==

"@types/json-buffer@~3.0.0":
  version "3.0.0"
  resolved "https://registry.yarnpkg.com/@types/json-buffer/-/json-buffer-3.0.0.tgz#85c1ff0f0948fc159810d4b5be35bf8c20875f64"
  integrity sha512-3YP80IxxFJB4b5tYC2SUPwkg0XQLiu0nWvhRgEatgjf+29IcWO9X1k8xRv5DGssJ/lCrjYTjQPcobJr2yWIVuQ==

"@types/keyv@*":
  version "3.1.4"
  resolved "https://registry.yarnpkg.com/@types/keyv/-/keyv-3.1.4.tgz#3ccdb1c6751b0c7e52300bcdacd5bcbf8faa75b6"
  integrity sha512-BQ5aZNSCpj7D6K2ksrRCTmKRLEpnPvWDiLPfoGyhZ++8YtiK9d/3DBKPJgry359X/P1PfruyYwvnvwFjuEiEIg==
  dependencies:
    "@types/node" "*"

"@types/node@*":
  version "17.0.23"
  resolved "https://registry.yarnpkg.com/@types/node/-/node-17.0.23.tgz#3b41a6e643589ac6442bdbd7a4a3ded62f33f7da"
  integrity sha512-UxDxWn7dl97rKVeVS61vErvw086aCYhDLyvRQZ5Rk65rZKepaFdm53GeqXaKBuOhED4e9uWq34IC3TdSdJJ2Gw==

"@types/responselike@*", "@types/responselike@^1.0.0":
  version "1.0.0"
  resolved "https://registry.yarnpkg.com/@types/responselike/-/responselike-1.0.0.tgz#251f4fe7d154d2bad125abe1b429b23afd262e29"
  integrity sha512-85Y2BjiufFzaMIlvJDvTTB8Fxl2xfLo4HgmHzVBz08w4wDePCTjYw66PdrolO0kzli3yam/YCgRufyo1DdQVTA==
  dependencies:
    "@types/node" "*"

cacheable-lookup@^5.0.3:
  version "5.0.4"
  resolved "https://registry.yarnpkg.com/cacheable-lookup/-/cacheable-lookup-5.0.4.tgz#5a6b865b2c44357be3d5ebc2a467b032719a7005"
  integrity sha512-2/kNscPhpcxrOigMZzbiWF7dz8ilhb/nIHU3EyZiXWXpeq/au8qJ8VhdftMkty3n7Gj6HIGalQG8oiBNB3AJgA==

cacheable-request@^7.0.2:
  version "7.0.2"
  resolved "https://registry.yarnpkg.com/cacheable-request/-/cacheable-request-7.0.2.tgz#ea0d0b889364a25854757301ca12b2da77f91d27"
  integrity sha512-pouW8/FmiPQbuGpkXQ9BAPv/Mo5xDGANgSNXzTzJ8DrKGuXOssM4wIQRjfanNRh3Yu5cfYPvcorqbhg2KIJtew==
  dependencies:
    clone-response "^1.0.2"
    get-stream "^5.1.0"
    http-cache-semantics "^4.0.0"
    keyv "^4.0.0"
    lowercase-keys "^2.0.0"
    normalize-url "^6.0.1"
    responselike "^2.0.0"

clone-response@^1.0.2:
  version "1.0.2"
  resolved "https://registry.yarnpkg.com/clone-response/-/clone-response-1.0.2.tgz#d1dc973920314df67fbeb94223b4ee350239e96b"
  integrity sha1-0dyXOSAxTfZ/vrlCI7TuNQI56Ws=
  dependencies:
    mimic-response "^1.0.0"

compress-brotli@^1.3.6:
  version "1.3.6"
  resolved "https://registry.yarnpkg.com/compress-brotli/-/compress-brotli-1.3.6.tgz#64bd6f21f4f3e9841dbac392f4c29218caf5e9d9"
  integrity sha512-au99/GqZtUtiCBliqLFbWlhnCxn+XSYjwZ77q6mKN4La4qOXDoLVPZ50iXr0WmAyMxl8yqoq3Yq4OeQNPPkyeQ==
  dependencies:
    "@types/json-buffer" "~3.0.0"
    json-buffer "~3.0.1"

decompress-response@^6.0.0:
  version "6.0.0"
  resolved "https://registry.yarnpkg.com/decompress-response/-/decompress-response-6.0.0.tgz#ca387612ddb7e104bd16d85aab00d5ecf09c66fc"
  integrity sha512-aW35yZM6Bb/4oJlZncMH2LCoZtJXTRxES17vE3hoRiowU2kWHaJKFkSBDnDR+cm9J+9QhXmREyIfv0pji9ejCQ==
  dependencies:
    mimic-response "^3.1.0"

defer-to-connect@^2.0.0:
  version "2.0.1"
  resolved "https://registry.yarnpkg.com/defer-to-connect/-/defer-to-connect-2.0.1.tgz#8016bdb4143e4632b77a3449c6236277de520587"
  integrity sha512-4tvttepXG1VaYGrRibk5EwJd1t4udunSOVMdLSAL6mId1ix438oPwPZMALY41FCijukO1L0twNcGsdzS7dHgDg==

end-of-stream@^1.1.0:
  version "1.4.4"
  resolved "https://registry.yarnpkg.com/end-of-stream/-/end-of-stream-1.4.4.tgz#5ae64a5f45057baf3626ec14da0ca5e4b2431eb0"
  integrity sha512-+uw1inIHVPQoaVuHzRyXd21icM+cnt4CzD5rW+NC1wjOUSTOs+Te7FOv7AhN7vS9x/oIyhLP5PR1H+phQAHu5Q==
  dependencies:
    once "^1.4.0"

get-stream@^5.1.0:
  version "5.2.0"
  resolved "https://registry.yarnpkg.com/get-stream/-/get-stream-5.2.0.tgz#4966a1795ee5ace65e706c4b7beb71257d6e22d3"
  integrity sha512-nBF+F1rAZVCu/p7rjzgA+Yb4lfYXrpl7a6VmJrU8wF9I1CKvP/QwPNZHnOlwbTkY6dvtFIzFMSyQXbLoTQPRpA==
  dependencies:
    pump "^3.0.0"

got@^11.5.1:
  version "11.8.3"
  resolved "https://registry.yarnpkg.com/got/-/got-11.8.3.tgz#f496c8fdda5d729a90b4905d2b07dbd148170770"
  integrity sha512-7gtQ5KiPh1RtGS9/Jbv1ofDpBFuq42gyfEib+ejaRBJuj/3tQFeR5+gw57e4ipaU8c/rCjvX6fkQz2lyDlGAOg==
  dependencies:
    "@sindresorhus/is" "^4.0.0"
    "@szmarczak/http-timer" "^4.0.5"
    "@types/cacheable-request" "^6.0.1"
    "@types/responselike" "^1.0.0"
    cacheable-lookup "^5.0.3"
    cacheable-request "^7.0.2"
    decompress-response "^6.0.0"
    http2-wrapper "^1.0.0-beta.5.2"
    lowercase-keys "^2.0.0"
    p-cancelable "^2.0.0"
    responselike "^2.0.0"

http-cache-semantics@^4.0.0:
  version "4.1.0"
  resolved "https://registry.yarnpkg.com/http-cache-semantics/-/http-cache-semantics-4.1.0.tgz#49e91c5cbf36c9b94bcfcd71c23d5249ec74e390"
  integrity sha512-carPklcUh7ROWRK7Cv27RPtdhYhUsela/ue5/jKzjegVvXDqM2ILE9Q2BGn9JZJh1g87cp56su/FgQSzcWS8cQ==

http2-wrapper@^1.0.0-beta.5.2:
  version "1.0.3"
  resolved "https://registry.yarnpkg.com/http2-wrapper/-/http2-wrapper-1.0.3.tgz#b8f55e0c1f25d4ebd08b3b0c2c079f9590800b3d"
  integrity sha512-V+23sDMr12Wnz7iTcDeJr3O6AIxlnvT/bmaAAAP/Xda35C90p9599p0F1eHR/N1KILWSoWVAiOMFjBBXaXSMxg==
  dependencies:
    quick-lru "^5.1.1"
    resolve-alpn "^1.0.0"

json-buffer@3.0.1, json-buffer@~3.0.1:
  version "3.0.1"
  resolved "https://registry.yarnpkg.com/json-buffer/-/json-buffer-3.0.1.tgz#9338802a30d3b6605fbe0613e094008ca8c05a13"
  integrity sha512-4bV5BfR2mqfQTJm+V5tPPdf+ZpuhiIvTuAB5g8kcrXOZpTT/QwwVRWBywX1ozr6lEuPdbHxwaJlm9G6mI2sfSQ==

keyv@^4.0.0:
  version "4.2.2"
  resolved "https://registry.yarnpkg.com/keyv/-/keyv-4.2.2.tgz#4b6f602c0228ef4d8214c03c520bef469ed6b768"
  integrity sha512-uYS0vKTlBIjNCAUqrjlxmruxOEiZxZIHXyp32sdcGmP+ukFrmWUnE//RcPXJH3Vxrni1H2gsQbjHE0bH7MtMQQ==
  dependencies:
    compress-brotli "^1.3.6"
    json-buffer "3.0.1"

lowercase-keys@^2.0.0:
  version "2.0.0"
  resolved "https://registry.yarnpkg.com/lowercase-keys/-/lowercase-keys-2.0.0.tgz#2603e78b7b4b0006cbca2fbcc8a3202558ac9479"
  integrity sha512-tqNXrS78oMOE73NMxK4EMLQsQowWf8jKooH9g7xPavRT706R6bkQJ6DY2Te7QukaZsulxa30wQ7bk0pm4XiHmA==

mimic-response@^1.0.0:
  version "1.0.1"
  resolved "https://registry.yarnpkg.com/mimic-response/-/mimic-response-1.0.1.tgz#4923538878eef42063cb8a3e3b0798781487ab1b"
  integrity sha512-j5EctnkH7amfV/q5Hgmoal1g2QHFJRraOtmx0JpIqkxhBhI/lJSl1nMpQ45hVarwNETOoWEimndZ4QK0RHxuxQ==

mimic-response@^3.1.0:
  version "3.1.0"
  resolved "https://registry.yarnpkg.com/mimic-response/-/mimic-response-3.1.0.tgz#2d1d59af9c1b129815accc2c46a022a5ce1fa3c9"
  integrity sha512-z0yWI+4FDrrweS8Zmt4Ej5HdJmky15+L2e6Wgn3+iK5fWzb6T3fhNFq2+MeTRb064c6Wr4N/wv0DzQTjNzHNGQ==

normalize-url@^6.0.1:
  version "6.1.0"
  resolved "https://registry.yarnpkg.com/normalize-url/-/normalize-url-6.1.0.tgz#40d0885b535deffe3f3147bec877d05fe4c5668a"
  integrity sha512-DlL+XwOy3NxAQ8xuC0okPgK46iuVNAK01YN7RueYBqqFeGsBjV9XmCAzAdgt+667bCl5kPh9EqKKDwnaPG1I7A==

once@^1.3.1, once@^1.4.0:
  version "1.4.0"
  resolved "https://registry.yarnpkg.com/once/-/once-1.4.0.tgz#583b1aa775961d4b113ac17d9c50baef9dd76bd1"
  integrity sha1-WDsap3WWHUsROsF9nFC6753Xa9E=
  dependencies:
    wrappy "1"

p-cancelable@^2.0.0:
  version "2.1.1"
  resolved "https://registry.yarnpkg.com/p-cancelable/-/p-cancelable-2.1.1.tgz#aab7fbd416582fa32a3db49859c122487c5ed2cf"
  integrity sha512-BZOr3nRQHOntUjTrH8+Lh54smKHoHyur8We1V8DSMVrl5A2malOOwuJRnKRDjSnkoeBh4at6BwEnb5I7Jl31wg==

pump@^3.0.0:
  version "3.0.0"
  resolved "https://registry.yarnpkg.com/pump/-/pump-3.0.0.tgz#b4a2116815bde2f4e1ea602354e8c75565107a64"
  integrity sha512-LwZy+p3SFs1Pytd/jYct4wpv49HiYCqd9Rlc5ZVdk0V+8Yzv6jR5Blk3TRmPL1ft69TxP0IMZGJ+WPFU2BFhww==
  dependencies:
    end-of-stream "^1.1.0"
    once "^1.3.1"

quick-lru@^5.1.1:
  version "5.1.1"
  resolved "https://registry.yarnpkg.com/quick-lru/-/quick-lru-5.1.1.tgz#366493e6b3e42a3a6885e2e99d18f80fb7a8c932"
  integrity sha512-WuyALRjWPDGtt/wzJiadO5AXY+8hZ80hVpe6MyivgraREW751X3SbhRvG3eLKOYN+8VEvqLcf3wdnt44Z4S4SA==

react-icons@^4.3.1:
  version "4.3.1"
  resolved "https://registry.yarnpkg.com/react-icons/-/react-icons-4.3.1.tgz#2fa92aebbbc71f43d2db2ed1aed07361124e91ca"
  integrity sha512-cB10MXLTs3gVuXimblAdI71jrJx8njrJZmNMEMC+sQu5B/BIOmlsAjskdqpn81y8UBVEGuHODd7/ci5DvoSzTQ==

resolve-alpn@^1.0.0:
  version "1.2.1"
  resolved "https://registry.yarnpkg.com/resolve-alpn/-/resolve-alpn-1.2.1.tgz#b7adbdac3546aaaec20b45e7d8265927072726f9"
  integrity sha512-0a1F4l73/ZFZOakJnQ3FvkJ2+gSTQWz/r2KE5OdDY0TxPm5h4GkqkWWfM47T7HsbnOtcJVEF4epCVy6u7Q3K+g==

responselike@^2.0.0:
  version "2.0.0"
  resolved "https://registry.yarnpkg.com/responselike/-/responselike-2.0.0.tgz#26391bcc3174f750f9a79eacc40a12a5c42d7723"
  integrity sha512-xH48u3FTB9VsZw7R+vvgaKeLKzT6jOogbQhEe/jewwnZgzPcnyWui2Av6JpoYZF/91uueC+lqhWqeURw5/qhCw==
  dependencies:
    lowercase-keys "^2.0.0"

uuid@^3.3.2:
  version "3.4.0"
  resolved "https://registry.yarnpkg.com/uuid/-/uuid-3.4.0.tgz#b23e4358afa8a202fe7a100af1f5f883f02007ee"
  integrity sha512-HjSDRw6gZE5JMggctHBcjVak08+KEVhSIiDzFnT9S9aegmp85S/bReBVTb4QTFaRNptJ9kuYaNhnbNEOkbKb/A==

wrappy@1:
  version "1.0.2"
  resolved "https://registry.yarnpkg.com/wrappy/-/wrappy-1.0.2.tgz#b5243d8f3ec1aa35f1364605bc0d1036e30ab69f"
  integrity sha1-tSQ9jz7BqjXxNkYFvA0QNuMKtp8=

yaml@^1.10.0:
  version "1.10.2"
  resolved "https://registry.yarnpkg.com/yaml/-/yaml-1.10.2.tgz#2301c5ffbf12b467de8da2333a459e29e7920e4b"
  integrity sha512-r3vXyErRCYJ7wg28yvBY5VSoAF8ZvlcW9/BwUzEtUsjvX/DKs24dIkuwjtuprwJJHsbyUbLApepYTR1BN4uHrg==
